
Microsoft Visual Studio Solution File, Format Version 12.00
# Visual Studio Version 16
VisualStudioVersion = 16.0.30413.136
MinimumVisualStudioVersion = 10.0.40219.1
Project("{8BC9CEB8-8B4A-11D0-8D11-00A0C91BC942}") = "Conrainers", "Conrainers\Conrainers.vcxproj", "{0ECEC8BA-0341-46D8-867F-A69BB6EC233B}"
EndProject
Global
	GlobalSection(SolutionConfigurationPlatforms) = preSolution
		Debug|x64 = Debug|x64
		Debug|x86 = Debug|x86
		Release|x64 = Release|x64
		Release|x86 = Release|x86
	EndGlobalSection
	GlobalSection(ProjectConfigurationPlatforms) = postSolution
		{0ECEC8BA-0341-46D8-867F-A69BB6EC233B}.Debug|x64.ActiveCfg = Debug|x64
		{0ECEC8BA-0341-46D8-867F-A69BB6EC233B}.Debug|x64.Build.0 = Debug|x64
		{0ECEC8BA-0341-46D8-867F-A69BB6EC233B}.Debug|x86.ActiveCfg = Debug|Win32
		{0ECEC8BA-0341-46D8-867F-A69BB6EC233B}.Debug|x86.Build.0 = Debug|Win32
		{0ECEC8BA-0341-46D8-867F-A69BB6EC233B}.Release|x64.ActiveCfg = Release|x64
		{0ECEC8BA-0341-46D8-867F-A69BB6EC233B}.Release|x64.Build.0 = Release|x64
		{0ECEC8BA-0341-46D8-867F-A69BB6EC233B}.Release|x86.ActiveCfg = Release|Win32
		{0ECEC8BA-0341-46D8-867F-A69BB6EC233B}.Release|x86.Build.0 = Release|Win32
	EndGlobalSection
	GlobalSection(SolutionProperties) = preSolution
		HideSolutionNode = FALSE
	EndGlobalSection
	GlobalSection(ExtensibilityGlobals) = postSolution
		SolutionGuid = {60196486-2539-4BA0-8827-36B75545CC80}
	EndGlobalSection
EndGlobal
